
Microsoft Visual Studio Solution File, Format Version 12.00
# Visual Studio Version 16
VisualStudioVersion = 16.0.29102.190
MinimumVisualStudioVersion = 10.0.40219.1
Project("{FAE04EC0-301F-11D3-BF4B-00C04F79EFBC}") = "A Miner Task", "A Miner Task.csproj", "{525A1137-ED65-4C60-9FE8-5FEBDC8DB174}"
EndProject
Global
	GlobalSection(SolutionConfigurationPlatforms) = preSolution
		Debug|Any CPU = Debug|Any CPU
		Release|Any CPU = Release|Any CPU
	EndGlobalSection
	GlobalSection(ProjectConfigurationPlatforms) = postSolution
		{525A1137-ED65-4C60-9FE8-5FEBDC8DB174}.Debug|Any CPU.ActiveCfg = Debug|Any CPU
		{525A1137-ED65-4C60-9FE8-5FEBDC8DB174}.Debug|Any CPU.Build.0 = Debug|Any CPU
		{525A1137-ED65-4C60-9FE8-5FEBDC8DB174}.Release|Any CPU.ActiveCfg = Release|Any CPU
		{525A1137-ED65-4C60-9FE8-5FEBDC8DB174}.Release|Any CPU.Build.0 = Release|Any CPU
	EndGlobalSection
	GlobalSection(SolutionProperties) = preSolution
		HideSolutionNode = FALSE
	EndGlobalSection
	GlobalSection(ExtensibilityGlobals) = postSolution
		SolutionGuid = {6546521B-7475-4DFC-B1FE-07ADFBD45BBB}
	EndGlobalSection
EndGlobal
